
Microsoft Visual Studio Solution File, Format Version 12.00
# Visual Studio 14
VisualStudioVersion = 14.0.25420.1
MinimumVisualStudioVersion = 10.0.40219.1
Project("{FAE04EC0-301F-11D3-BF4B-00C04F79EFBC}") = "BtDApp", "BtDApp\BtDApp.csproj", "{D6CA014E-510A-4A4E-9CCE-75BE30AA92EB}"
EndProject
Global
	GlobalSection(SolutionConfigurationPlatforms) = preSolution
		Debug|Any CPU = Debug|Any CPU
		Release|Any CPU = Release|Any CPU
	EndGlobalSection
	GlobalSection(ProjectConfigurationPlatforms) = postSolution
		{D6CA014E-510A-4A4E-9CCE-75BE30AA92EB}.Debug|Any CPU.ActiveCfg = Debug|Any CPU
		{D6CA014E-510A-4A4E-9CCE-75BE30AA92EB}.Debug|Any CPU.Build.0 = Debug|Any CPU
		{D6CA014E-510A-4A4E-9CCE-75BE30AA92EB}.Release|Any CPU.ActiveCfg = Release|Any CPU
		{D6CA014E-510A-4A4E-9CCE-75BE30AA92EB}.Release|Any CPU.Build.0 = Release|Any CPU
	EndGlobalSection
	GlobalSection(SolutionProperties) = preSolution
		HideSolutionNode = FALSE
	EndGlobalSection
EndGlobal
